// !$*UTF8*$!
{
	archiveVersion = 1;
	classes = {
	};
	objectVersion = 52;
	objects = {

/* Begin PBXBuildFile section */
		5154638A26F791BB00D4D385 /* RoverData.swift in Sources */ = {isa = PBXBuildFile; fileRef = 5154638926F791BB00D4D385 /* RoverData.swift */; };
		5154638C26F7A74100D4D385 /* UIImageViewExtension.swift in Sources */ = {isa = PBXBuildFile; fileRef = 5154638B26F7A74100D4D385 /* UIImageViewExtension.swift */; };
		51758C3026F8E836001A5528 /* API.swift in Sources */ = {isa = PBXBuildFile; fileRef = 51758C2F26F8E836001A5528 /* API.swift */; };
		51758C3326F8EA03001A5528 /* PhotosCollectionViewCell.swift in Sources */ = {isa = PBXBuildFile; fileRef = 51758C3126F8EA03001A5528 /* PhotosCollectionViewCell.swift */; };
		51758C3426F8EA03001A5528 /* PhotosCollectionViewCell.xib in Resources */ = {isa = PBXBuildFile; fileRef = 51758C3226F8EA03001A5528 /* PhotosCollectionViewCell.xib */; };
		51DDB5FC26F759AB00BC586E /* AppDelegate.swift in Sources */ = {isa = PBXBuildFile; fileRef = 51DDB5FB26F759AB00BC586E /* AppDelegate.swift */; };
		51DDB5FE26F759AB00BC586E /* SceneDelegate.swift in Sources */ = {isa = PBXBuildFile; fileRef = 51DDB5FD26F759AB00BC586E /* SceneDelegate.swift */; };
		51DDB60326F759AB00BC586E /* Main.storyboard in Resources */ = {isa = PBXBuildFile; fileRef = 51DDB60126F759AB00BC586E /* Main.storyboard */; };
		51DDB60526F759AB00BC586E /* Assets.xcassets in Resources */ = {isa = PBXBuildFile; fileRef = 51DDB60426F759AB00BC586E /* Assets.xcassets */; };
		51DDB60826F759AB00BC586E /* LaunchScreen.storyboard in Resources */ = {isa = PBXBuildFile; fileRef = 51DDB60626F759AB00BC586E /* LaunchScreen.storyboard */; };
		51DDB61426F786E100BC586E /* CuriosityViewController.swift in Sources */ = {isa = PBXBuildFile; fileRef = 51DDB61326F786E100BC586E /* CuriosityViewController.swift */; };
		51DDB61626F786EF00BC586E /* OpportunityViewController.swift in Sources */ = {isa = PBXBuildFile; fileRef = 51DDB61526F786EF00BC586E /* OpportunityViewController.swift */; };
		51DDB61826F786FA00BC586E /* SpiritViewController.swift in Sources */ = {isa = PBXBuildFile; fileRef = 51DDB61726F786FA00BC586E /* SpiritViewController.swift */; };
		51DDB61E26F78EAD00BC586E /* Alamofire in Frameworks */ = {isa = PBXBuildFile; productRef = 51DDB61D26F78EAD00BC586E /* Alamofire */; };
		51DDB62126F78ED600BC586E /* Kingfisher in Frameworks */ = {isa = PBXBuildFile; productRef = 51DDB62026F78ED600BC586E /* Kingfisher */; };
		51E089FB26FB8E1100DA13FA /* PopUpViewController.swift in Sources */ = {isa = PBXBuildFile; fileRef = 51E089FA26FB8E1100DA13FA /* PopUpViewController.swift */; };
/* End PBXBuildFile section */

/* Begin PBXFileReference section */
		5154638926F791BB00D4D385 /* RoverData.swift */ = {isa = PBXFileReference; lastKnownFileType = sourcecode.swift; path = RoverData.swift; sourceTree = "<group>"; };
		5154638B26F7A74100D4D385 /* UIImageViewExtension.swift */ = {isa = PBXFileReference; lastKnownFileType = sourcecode.swift; path = UIImageViewExtension.swift; sourceTree = "<group>"; };
		51758C2F26F8E836001A5528 /* API.swift */ = {isa = PBXFileReference; lastKnownFileType = sourcecode.swift; path = API.swift; sourceTree = "<group>"; };
		51758C3126F8EA03001A5528 /* PhotosCollectionViewCell.swift */ = {isa = PBXFileReference; lastKnownFileType = sourcecode.swift; path = PhotosCollectionViewCell.swift; sourceTree = "<group>"; };
		51758C3226F8EA03001A5528 /* PhotosCollectionViewCell.xib */ = {isa = PBXFileReference; lastKnownFileType = file.xib; path = PhotosCollectionViewCell.xib; sourceTree = "<group>"; };
		51DDB5F826F759AB00BC586E /* MarsRover.app */ = {isa = PBXFileReference; explicitFileType = wrapper.application; includeInIndex = 0; path = MarsRover.app; sourceTree = BUILT_PRODUCTS_DIR; };
		51DDB5FB26F759AB00BC586E /* AppDelegate.swift */ = {isa = PBXFileReference; lastKnownFileType = sourcecode.swift; path = AppDelegate.swift; sourceTree = "<group>"; };
		51DDB5FD26F759AB00BC586E /* SceneDelegate.swift */ = {isa = PBXFileReference; lastKnownFileType = sourcecode.swift; path = SceneDelegate.swift; sourceTree = "<group>"; };
		51DDB60226F759AB00BC586E /* Base */ = {isa = PBXFileReference; lastKnownFileType = file.storyboard; name = Base; path = Base.lproj/Main.storyboard; sourceTree = "<group>"; };
		51DDB60426F759AB00BC586E /* Assets.xcassets */ = {isa = PBXFileReference; lastKnownFileType = folder.assetcatalog; path = Assets.xcassets; sourceTree = "<group>"; };
		51DDB60726F759AB00BC586E /* Base */ = {isa = PBXFileReference; lastKnownFileType = file.storyboard; name = Base; path = Base.lproj/LaunchScreen.storyboard; sourceTree = "<group>"; };
		51DDB60926F759AB00BC586E /* Info.plist */ = {isa = PBXFileReference; lastKnownFileType = text.plist.xml; path = Info.plist; sourceTree = "<group>"; };
		51DDB61326F786E100BC586E /* CuriosityViewController.swift */ = {isa = PBXFileReference; lastKnownFileType = sourcecode.swift; path = CuriosityViewController.swift; sourceTree = "<group>"; };
		51DDB61526F786EF00BC586E /* OpportunityViewController.swift */ = {isa = PBXFileReference; lastKnownFileType = sourcecode.swift; path = OpportunityViewController.swift; sourceTree = "<group>"; };
		51DDB61726F786FA00BC586E /* SpiritViewController.swift */ = {isa = PBXFileReference; lastKnownFileType = sourcecode.swift; path = SpiritViewController.swift; sourceTree = "<group>"; };
		51E089FA26FB8E1100DA13FA /* PopUpViewController.swift */ = {isa = PBXFileReference; lastKnownFileType = sourcecode.swift; path = PopUpViewController.swift; sourceTree = "<group>"; };
/* End PBXFileReference section */

/* Begin PBXFrameworksBuildPhase section */
		51DDB5F526F759AB00BC586E /* Frameworks */ = {
			isa = PBXFrameworksBuildPhase;
			buildActionMask = 2147483647;
			files = (
				51DDB62126F78ED600BC586E /* Kingfisher in Frameworks */,
				51DDB61E26F78EAD00BC586E /* Alamofire in Frameworks */,
			);
			runOnlyForDeploymentPostprocessing = 0;
		};
/* End PBXFrameworksBuildPhase section */

/* Begin PBXGroup section */
		51758C2E26F8E824001A5528 /* Helper */ = {
			isa = PBXGroup;
			children = (
				51758C2F26F8E836001A5528 /* API.swift */,
				5154638B26F7A74100D4D385 /* UIImageViewExtension.swift */,
			);
			path = Helper;
			sourceTree = "<group>";
		};
		51DDB5EF26F759AB00BC586E = {
			isa = PBXGroup;
			children = (
				51DDB5FA26F759AB00BC586E /* MarsRover */,
				51DDB5F926F759AB00BC586E /* Products */,
			);
			sourceTree = "<group>";
		};
		51DDB5F926F759AB00BC586E /* Products */ = {
			isa = PBXGroup;
			children = (
				51DDB5F826F759AB00BC586E /* MarsRover.app */,
			);
			name = Products;
			sourceTree = "<group>";
		};
		51DDB5FA26F759AB00BC586E /* MarsRover */ = {
			isa = PBXGroup;
			children = (
				51DDB5FB26F759AB00BC586E /* AppDelegate.swift */,
				51DDB5FD26F759AB00BC586E /* SceneDelegate.swift */,
				51DDB61026F75A1F00BC586E /* Model */,
				51DDB61126F75A4000BC586E /* View */,
				51DDB61226F75A4900BC586E /* Controller */,
				51758C2E26F8E824001A5528 /* Helper */,
				51DDB60426F759AB00BC586E /* Assets.xcassets */,
				51DDB60926F759AB00BC586E /* Info.plist */,
			);
			path = MarsRover;
			sourceTree = "<group>";
		};
		51DDB61026F75A1F00BC586E /* Model */ = {
			isa = PBXGroup;
			children = (
				5154638926F791BB00D4D385 /* RoverData.swift */,
			);
			path = Model;
			sourceTree = "<group>";
		};
		51DDB61126F75A4000BC586E /* View */ = {
			isa = PBXGroup;
			children = (
				51DDB60626F759AB00BC586E /* LaunchScreen.storyboard */,
				51DDB60126F759AB00BC586E /* Main.storyboard */,
				51758C3126F8EA03001A5528 /* PhotosCollectionViewCell.swift */,
				51758C3226F8EA03001A5528 /* PhotosCollectionViewCell.xib */,
			);
			path = View;
			sourceTree = "<group>";
		};
		51DDB61226F75A4900BC586E /* Controller */ = {
			isa = PBXGroup;
			children = (
				51DDB61326F786E100BC586E /* CuriosityViewController.swift */,
				51DDB61526F786EF00BC586E /* OpportunityViewController.swift */,
				51DDB61726F786FA00BC586E /* SpiritViewController.swift */,
				51E089FA26FB8E1100DA13FA /* PopUpViewController.swift */,
			);
			path = Controller;
			sourceTree = "<group>";
		};
/* End PBXGroup section */

/* Begin PBXNativeTarget section */
		51DDB5F726F759AB00BC586E /* MarsRover */ = {
			isa = PBXNativeTarget;
			buildConfigurationList = 51DDB60C26F759AB00BC586E /* Build configuration list for PBXNativeTarget "MarsRover" */;
			buildPhases = (
				51DDB5F426F759AB00BC586E /* Sources */,
				51DDB5F526F759AB00BC586E /* Frameworks */,
				51DDB5F626F759AB00BC586E /* Resources */,
			);
			buildRules = (
			);
			dependencies = (
			);
			name = MarsRover;
			packageProductDependencies = (
				51DDB61D26F78EAD00BC586E /* Alamofire */,
				51DDB62026F78ED600BC586E /* Kingfisher */,
			);
			productName = MarsRover;
			productReference = 51DDB5F826F759AB00BC586E /* MarsRover.app */;
			productType = "com.apple.product-type.application";
		};
/* End PBXNativeTarget section */

/* Begin PBXProject section */
		51DDB5F026F759AB00BC586E /* Project object */ = {
			isa = PBXProject;
			attributes = {
				LastSwiftUpdateCheck = 1250;
				LastUpgradeCheck = 1250;
				TargetAttributes = {
					51DDB5F726F759AB00BC586E = {
						CreatedOnToolsVersion = 12.5.1;
					};
				};
			};
			buildConfigurationList = 51DDB5F326F759AB00BC586E /* Build configuration list for PBXProject "MarsRover" */;
			compatibilityVersion = "Xcode 9.3";
			developmentRegion = en;
			hasScannedForEncodings = 0;
			knownRegions = (
				en,
				Base,
			);
			mainGroup = 51DDB5EF26F759AB00BC586E;
			packageReferences = (
				51DDB61C26F78EAD00BC586E /* XCRemoteSwiftPackageReference "Alamofire" */,
				51DDB61F26F78ED600BC586E /* XCRemoteSwiftPackageReference "Kingfisher" */,
			);
			productRefGroup = 51DDB5F926F759AB00BC586E /* Products */;
			projectDirPath = "";
			projectRoot = "";
			targets = (
				51DDB5F726F759AB00BC586E /* MarsRover */,
			);
		};
/* End PBXProject section */

/* Begin PBXResourcesBuildPhase section */
		51DDB5F626F759AB00BC586E /* Resources */ = {
			isa = PBXResourcesBuildPhase;
			buildActionMask = 2147483647;
			files = (
				51DDB60826F759AB00BC586E /* LaunchScreen.storyboard in Resources */,
				51758C3426F8EA03001A5528 /* PhotosCollectionViewCell.xib in Resources */,
				51DDB60526F759AB00BC586E /* Assets.xcassets in Resources */,
				51DDB60326F759AB00BC586E /* Main.storyboard in Resources */,
			);
			runOnlyForDeploymentPostprocessing = 0;
		};
/* End PBXResourcesBuildPhase section */

/* Begin PBXSourcesBuildPhase section */
		51DDB5F426F759AB00BC586E /* Sources */ = {
			isa = PBXSourcesBuildPhase;
			buildActionMask = 2147483647;
			files = (
				51DDB61826F786FA00BC586E /* SpiritViewController.swift in Sources */,
				51DDB5FC26F759AB00BC586E /* AppDelegate.swift in Sources */,
				51758C3326F8EA03001A5528 /* PhotosCollectionViewCell.swift in Sources */,
				51DDB61426F786E100BC586E /* CuriosityViewController.swift in Sources */,
				51DDB5FE26F759AB00BC586E /* SceneDelegate.swift in Sources */,
				51E089FB26FB8E1100DA13FA /* PopUpViewController.swift in Sources */,
				51DDB61626F786EF00BC586E /* OpportunityViewController.swift in Sources */,
				5154638C26F7A74100D4D385 /* UIImageViewExtension.swift in Sources */,
				51758C3026F8E836001A5528 /* API.swift in Sources */,
				5154638A26F791BB00D4D385 /* RoverData.swift in Sources */,
			);
			runOnlyForDeploymentPostprocessing = 0;
		};
/* End PBXSourcesBuildPhase section */

/* Begin PBXVariantGroup section */
		51DDB60126F759AB00BC586E /* Main.storyboard */ = {
			isa = PBXVariantGroup;
			children = (
				51DDB60226F759AB00BC586E /* Base */,
			);
			name = Main.storyboard;
			sourceTree = "<group>";
		};
		51DDB60626F759AB00BC586E /* LaunchScreen.storyboard */ = {
			isa = PBXVariantGroup;
			children = (
				51DDB60726F759AB00BC586E /* Base */,
			);
			name = LaunchScreen.storyboard;
			sourceTree = "<group>";
		};
/* End PBXVariantGroup section */

/* Begin XCBuildConfiguration section */
		51DDB60A26F759AB00BC586E /* Debug */ = {
			isa = XCBuildConfiguration;
			buildSettings = {
				ALWAYS_SEARCH_USER_PATHS = NO;
				CLANG_ANALYZER_NONNULL = YES;
				CLANG_ANALYZER_NUMBER_OBJECT_CONVERSION = YES_AGGRESSIVE;
				CLANG_CXX_LANGUAGE_STANDARD = "gnu++14";
				CLANG_CXX_LIBRARY = "libc++";
				CLANG_ENABLE_MODULES = YES;
				CLANG_ENABLE_OBJC_ARC = YES;
				CLANG_ENABLE_OBJC_WEAK = YES;
				CLANG_WARN_BLOCK_CAPTURE_AUTORELEASING = YES;
				CLANG_WARN_BOOL_CONVERSION = YES;
				CLANG_WARN_COMMA = YES;
				CLANG_WARN_CONSTANT_CONVERSION = YES;
				CLANG_WARN_DEPRECATED_OBJC_IMPLEMENTATIONS = YES;
				CLANG_WARN_DIRECT_OBJC_ISA_USAGE = YES_ERROR;
				CLANG_WARN_DOCUMENTATION_COMMENTS = YES;
				CLANG_WARN_EMPTY_BODY = YES;
				CLANG_WARN_ENUM_CONVERSION = YES;
				CLANG_WARN_INFINITE_RECURSION = YES;
				CLANG_WARN_INT_CONVERSION = YES;
				CLANG_WARN_NON_LITERAL_NULL_CONVERSION = YES;
				CLANG_WARN_OBJC_IMPLICIT_RETAIN_SELF = YES;
				CLANG_WARN_OBJC_LITERAL_CONVERSION = YES;
				CLANG_WARN_OBJC_ROOT_CLASS = YES_ERROR;
				CLANG_WARN_QUOTED_INCLUDE_IN_FRAMEWORK_HEADER = YES;
				CLANG_WARN_RANGE_LOOP_ANALYSIS = YES;
				CLANG_WARN_STRICT_PROTOTYPES = YES;
				CLANG_WARN_SUSPICIOUS_MOVE = YES;
				CLANG_WARN_UNGUARDED_AVAILABILITY = YES_AGGRESSIVE;
				CLANG_WARN_UNREACHABLE_CODE = YES;
				CLANG_WARN__DUPLICATE_METHOD_MATCH = YES;
				COPY_PHASE_STRIP = NO;
				DEBUG_INFORMATION_FORMAT = dwarf;
				ENABLE_STRICT_OBJC_MSGSEND = YES;
				ENABLE_TESTABILITY = YES;
				GCC_C_LANGUAGE_STANDARD = gnu11;
				GCC_DYNAMIC_NO_PIC = NO;
				GCC_NO_COMMON_BLOCKS = YES;
				GCC_OPTIMIZATION_LEVEL = 0;
				GCC_PREPROCESSOR_DEFINITIONS = (
					"DEBUG=1",
					"$(inherited)",
				);
				GCC_WARN_64_TO_32_BIT_CONVERSION = YES;
				GCC_WARN_ABOUT_RETURN_TYPE = YES_ERROR;
				GCC_WARN_UNDECLARED_SELECTOR = YES;
				GCC_WARN_UNINITIALIZED_AUTOS = YES_AGGRESSIVE;
				GCC_WARN_UNUSED_FUNCTION = YES;
				GCC_WARN_UNUSED_VARIABLE = YES;
				IPHONEOS_DEPLOYMENT_TARGET = 14.5;
				MTL_ENABLE_DEBUG_INFO = INCLUDE_SOURCE;
				MTL_FAST_MATH = YES;
				ONLY_ACTIVE_ARCH = YES;
				SDKROOT = iphoneos;
				SWIFT_ACTIVE_COMPILATION_CONDITIONS = DEBUG;
				SWIFT_OPTIMIZATION_LEVEL = "-Onone";
			};
			name = Debug;
		};
		51DDB60B26F759AB00BC586E /* Release */ = {
			isa = XCBuildConfiguration;
			buildSettings = {
				ALWAYS_SEARCH_USER_PATHS = NO;
				CLANG_ANALYZER_NONNULL = YES;
				CLANG_ANALYZER_NUMBER_OBJECT_CONVERSION = YES_AGGRESSIVE;
				CLANG_CXX_LANGUAGE_STANDARD = "gnu++14";
				CLANG_CXX_LIBRARY = "libc++";
				CLANG_ENABLE_MODULES = YES;
				CLANG_ENABLE_OBJC_ARC = YES;
				CLANG_ENABLE_OBJC_WEAK = YES;
				CLANG_WARN_BLOCK_CAPTURE_AUTORELEASING = YES;
				CLANG_WARN_BOOL_CONVERSION = YES;
				CLANG_WARN_COMMA = YES;
				CLANG_WARN_CONSTANT_CONVERSION = YES;
				CLANG_WARN_DEPRECATED_OBJC_IMPLEMENTATIONS = YES;
				CLANG_WARN_DIRECT_OBJC_ISA_USAGE = YES_ERROR;
				CLANG_WARN_DOCUMENTATION_COMMENTS = YES;
				CLANG_WARN_EMPTY_BODY = YES;
				CLANG_WARN_ENUM_CONVERSION = YES;
				CLANG_WARN_INFINITE_RECURSION = YES;
				CLANG_WARN_INT_CONVERSION = YES;
				CLANG_WARN_NON_LITERAL_NULL_CONVERSION = YES;
				CLANG_WARN_OBJC_IMPLICIT_RETAIN_SELF = YES;
				CLANG_WARN_OBJC_LITERAL_CONVERSION = YES;
				CLANG_WARN_OBJC_ROOT_CLASS = YES_ERROR;
				CLANG_WARN_QUOTED_INCLUDE_IN_FRAMEWORK_HEADER = YES;
				CLANG_WARN_RANGE_LOOP_ANALYSIS = YES;
				CLANG_WARN_STRICT_PROTOTYPES = YES;
				CLANG_WARN_SUSPICIOUS_MOVE = YES;
				CLANG_WARN_UNGUARDED_AVAILABILITY = YES_AGGRESSIVE;
				CLANG_WARN_UNREACHABLE_CODE = YES;
				CLANG_WARN__DUPLICATE_METHOD_MATCH = YES;
				COPY_PHASE_STRIP = NO;
				DEBUG_INFORMATION_FORMAT = "dwarf-with-dsym";
				ENABLE_NS_ASSERTIONS = NO;
				ENABLE_STRICT_OBJC_MSGSEND = YES;
				GCC_C_LANGUAGE_STANDARD = gnu11;
				GCC_NO_COMMON_BLOCKS = YES;
				GCC_WARN_64_TO_32_BIT_CONVERSION = YES;
				GCC_WARN_ABOUT_RETURN_TYPE = YES_ERROR;
				GCC_WARN_UNDECLARED_SELECTOR = YES;
				GCC_WARN_UNINITIALIZED_AUTOS = YES_AGGRESSIVE;
				GCC_WARN_UNUSED_FUNCTION = YES;
				GCC_WARN_UNUSED_VARIABLE = YES;
				IPHONEOS_DEPLOYMENT_TARGET = 14.5;
				MTL_ENABLE_DEBUG_INFO = NO;
				MTL_FAST_MATH = YES;
				SDKROOT = iphoneos;
				SWIFT_COMPILATION_MODE = wholemodule;
				SWIFT_OPTIMIZATION_LEVEL = "-O";
				VALIDATE_PRODUCT = YES;
			};
			name = Release;
		};
		51DDB60D26F759AB00BC586E /* Debug */ = {
			isa = XCBuildConfiguration;
			buildSettings = {
				ASSETCATALOG_COMPILER_APPICON_NAME = AppIcon;
				ASSETCATALOG_COMPILER_GLOBAL_ACCENT_COLOR_NAME = AccentColor;
				CODE_SIGN_STYLE = Automatic;
				DEVELOPMENT_TEAM = 6DN6ZZZ5C6;
				INFOPLIST_FILE = MarsRover/Info.plist;
				LD_RUNPATH_SEARCH_PATHS = (
					"$(inherited)",
					"@executable_path/Frameworks",
				);
				PRODUCT_BUNDLE_IDENTIFIER = com.mertyilmaz.MarsRover;
				PRODUCT_NAME = "$(TARGET_NAME)";
				SWIFT_VERSION = 5.0;
				TARGETED_DEVICE_FAMILY = "1,2";
			};
			name = Debug;
		};
		51DDB60E26F759AB00BC586E /* Release */ = {
			isa = XCBuildConfiguration;
			buildSettings = {
				ASSETCATALOG_COMPILER_APPICON_NAME = AppIcon;
				ASSETCATALOG_COMPILER_GLOBAL_ACCENT_COLOR_NAME = AccentColor;
				CODE_SIGN_STYLE = Automatic;
				DEVELOPMENT_TEAM = 6DN6ZZZ5C6;
				INFOPLIST_FILE = MarsRover/Info.plist;
				LD_RUNPATH_SEARCH_PATHS = (
					"$(inherited)",
					"@executable_path/Frameworks",
				);
				PRODUCT_BUNDLE_IDENTIFIER = com.mertyilmaz.MarsRover;
				PRODUCT_NAME = "$(TARGET_NAME)";
				SWIFT_VERSION = 5.0;
				TARGETED_DEVICE_FAMILY = "1,2";
			};
			name = Release;
		};
/* End XCBuildConfiguration section */

/* Begin XCConfigurationList section */
		51DDB5F326F759AB00BC586E /* Build configuration list for PBXProject "MarsRover" */ = {
			isa = XCConfigurationList;
			buildConfigurations = (
				51DDB60A26F759AB00BC586E /* Debug */,
				51DDB60B26F759AB00BC586E /* Release */,
			);
			defaultConfigurationIsVisible = 0;
			defaultConfigurationName = Release;
		};
		51DDB60C26F759AB00BC586E /* Build configuration list for PBXNativeTarget "MarsRover" */ = {
			isa = XCConfigurationList;
			buildConfigurations = (
				51DDB60D26F759AB00BC586E /* Debug */,
				51DDB60E26F759AB00BC586E /* Release */,
			);
			defaultConfigurationIsVisible = 0;
			defaultConfigurationName = Release;
		};
/* End XCConfigurationList section */

/* Begin XCRemoteSwiftPackageReference section */
		51DDB61C26F78EAD00BC586E /* XCRemoteSwiftPackageReference "Alamofire" */ = {
			isa = XCRemoteSwiftPackageReference;
			repositoryURL = "https://github.com/Alamofire/Alamofire.git";
			requirement = {
				kind = upToNextMajorVersion;
				minimumVersion = 5.4.3;
			};
		};
		51DDB61F26F78ED600BC586E /* XCRemoteSwiftPackageReference "Kingfisher" */ = {
			isa = XCRemoteSwiftPackageReference;
			repositoryURL = "https://github.com/onevcat/Kingfisher.git";
			requirement = {
				kind = upToNextMajorVersion;
				minimumVersion = 6.3.1;
			};
		};
/* End XCRemoteSwiftPackageReference section */

/* Begin XCSwiftPackageProductDependency section */
		51DDB61D26F78EAD00BC586E /* Alamofire */ = {
			isa = XCSwiftPackageProductDependency;
			package = 51DDB61C26F78EAD00BC586E /* XCRemoteSwiftPackageReference "Alamofire" */;
			productName = Alamofire;
		};
		51DDB62026F78ED600BC586E /* Kingfisher */ = {
			isa = XCSwiftPackageProductDependency;
			package = 51DDB61F26F78ED600BC586E /* XCRemoteSwiftPackageReference "Kingfisher" */;
			productName = Kingfisher;
		};
/* End XCSwiftPackageProductDependency section */
	};
	rootObject = 51DDB5F026F759AB00BC586E /* Project object */;
}
